
Microsoft Visual Studio Solution File, Format Version 12.00
# Visual Studio Version 17
VisualStudioVersion = 17.6.33829.357
MinimumVisualStudioVersion = 10.0.40219.1
Project("{FAE04EC0-301F-11D3-BF4B-00C04F79EFBC}") = "Koleksiyonlar-Soru-1", "Koleksiyonlar-Soru-1\Koleksiyonlar-Soru-1.csproj", "{A35E5C12-A9BA-4D1E-92BD-43C9E99004E1}"
EndProject
Project("{FAE04EC0-301F-11D3-BF4B-00C04F79EFBC}") = "Koleksiyonlar-Soru-2", "Koleksiyonlar-Soru-2\Koleksiyonlar-Soru-2.csproj", "{3DE4B1F6-58A8-423A-A348-87CF9AFBC699}"
EndProject
Project("{FAE04EC0-301F-11D3-BF4B-00C04F79EFBC}") = "Koleksiyonlar-Soru-3", "Koleksiyonlar-Soru-3\Koleksiyonlar-Soru-3.csproj", "{0E3D73D1-F206-4FC3-B908-672D67BB4AC0}"
EndProject
Global
	GlobalSection(SolutionConfigurationPlatforms) = preSolution
		Debug|Any CPU = Debug|Any CPU
		Release|Any CPU = Release|Any CPU
	EndGlobalSection
	GlobalSection(ProjectConfigurationPlatforms) = postSolution
		{A35E5C12-A9BA-4D1E-92BD-43C9E99004E1}.Debug|Any CPU.ActiveCfg = Debug|Any CPU
		{A35E5C12-A9BA-4D1E-92BD-43C9E99004E1}.Debug|Any CPU.Build.0 = Debug|Any CPU
		{A35E5C12-A9BA-4D1E-92BD-43C9E99004E1}.Release|Any CPU.ActiveCfg = Release|Any CPU
		{A35E5C12-A9BA-4D1E-92BD-43C9E99004E1}.Release|Any CPU.Build.0 = Release|Any CPU
		{3DE4B1F6-58A8-423A-A348-87CF9AFBC699}.Debug|Any CPU.ActiveCfg = Debug|Any CPU
		{3DE4B1F6-58A8-423A-A348-87CF9AFBC699}.Debug|Any CPU.Build.0 = Debug|Any CPU
		{3DE4B1F6-58A8-423A-A348-87CF9AFBC699}.Release|Any CPU.ActiveCfg = Release|Any CPU
		{3DE4B1F6-58A8-423A-A348-87CF9AFBC699}.Release|Any CPU.Build.0 = Release|Any CPU
		{0E3D73D1-F206-4FC3-B908-672D67BB4AC0}.Debug|Any CPU.ActiveCfg = Debug|Any CPU
		{0E3D73D1-F206-4FC3-B908-672D67BB4AC0}.Debug|Any CPU.Build.0 = Debug|Any CPU
		{0E3D73D1-F206-4FC3-B908-672D67BB4AC0}.Release|Any CPU.ActiveCfg = Release|Any CPU
		{0E3D73D1-F206-4FC3-B908-672D67BB4AC0}.Release|Any CPU.Build.0 = Release|Any CPU
	EndGlobalSection
	GlobalSection(SolutionProperties) = preSolution
		HideSolutionNode = FALSE
	EndGlobalSection
	GlobalSection(ExtensibilityGlobals) = postSolution
		SolutionGuid = {1FD75EAB-E920-4393-8EE9-E7EF4FAD9DE0}
	EndGlobalSection
EndGlobal
